// !$*UTF8*$!
{
	archiveVersion = 1;
	classes = {
	};
	objectVersion = 56;
	objects = {
		EFDE8D9F37C1737731473D02 = {isa = PBXBuildFile; fileRef = D242B681F357DEE968C2CF25; };
		F8CCFDC9C24DB03FC672A60F = {isa = PBXBuildFile; fileRef = FB826E0AA431D5BDC0EEAB75; };
		AB4F8384A32D6ED2F7761E35 = {isa = PBXBuildFile; fileRef = 089CF77D6C6AD687F2EBFDE3; };
		CD3710CA3A9FD7D45C24BD6C = {isa = PBXBuildFile; fileRef = 42D29B2D8EAB46F1C9658800; };
		B878BB837B2A96BF10CCED94 = {isa = PBXBuildFile; fileRef = 677746DA7CA62CAA544A9A45; };
		870CC46AB5C9414CB48DB662 = {isa = PBXBuildFile; fileRef = EC24AB81584BB5A76737325C; };
		C34373EBAC31AAD72AD49350 = {isa = PBXBuildFile; fileRef = 526D0F56B3E1A84BC99762CE; };
		9FC93C8199966C973A7AD67A = {isa = PBXBuildFile; fileRef = 6EDBE7B1CB3EBCDFE08BF23D; };
		DE5E9EBD0F522F21A4B15C60 = {isa = PBXBuildFile; fileRef = 2168D93B8CB518016DD0128F; };
		4CEEDC11698EB82F5D746617 = {isa = PBXBuildFile; fileRef = ABAA2C9F51F9B3B369096A39; };
		94FC738582F39828F783E9EE = {isa = PBXBuildFile; fileRef = AA2C263208145D0776D049E6; };
		0C251BAFEA0DFD1CDA474EB1 = {isa = PBXBuildFile; fileRef = 765E4876EB2F95EF0E82F6EA; };
		21EF11DDBC0A3BE1B9E60D84 = {isa = PBXBuildFile; fileRef = 55797D9290A4AAF6D715573E; };
		19FBDE73A7E6FA72BCF60AE5 = {isa = PBXBuildFile; fileRef = 1B24899CB69992BD6DD40380; };
		AEEF813FDE13AA172EEB5202 = {isa = PBXBuildFile; fileRef = B774E5F8D6F2B4EB1ECF91E7; };
		3A9D615882EBC043EAD9F747 = {isa = PBXBuildFile; fileRef = 0F975D0B369EF20612795C48; };
		8BBC3E89585DFC1D07916F7B = {isa = PBXBuildFile; fileRef = D0A62551F2855E7A6E80CDB7; };
		536DF9A71AC1DBAF6FD3D9B9 = {isa = PBXBuildFile; fileRef = 5765DCBD6DBE6283470AC792; };
		0561B6B779527A2FA058B6AB = {isa = PBXBuildFile; fileRef = 0C299F368686D7C3AF7EE31B; };
		0D0F0622355761369C7461F5 = {isa = PBXFileReference; lastKnownFileType = text.plist.xml; name = "Info.plist"; path = "Info.plist"; sourceTree = "<group>"; };
		9CD8132A9BF0387C6AD9D147 = {isa = PBXFileReference; lastKnownFileType = text.plist.xml; name = "Soma.entitlements"; path = "Soma.entitlements"; sourceTree = "<group>"; };
		D242B681F357DEE968C2CF25 = {isa = PBXFileReference; lastKnownFileType = sourcecode.swift; name = "SomaApp.swift"; path = "SomaApp.swift"; sourceTree = "<group>"; };
		FB826E0AA431D5BDC0EEAB75 = {isa = PBXFileReference; lastKnownFileType = sourcecode.swift; name = "KeychainHelper.swift"; path = "KeychainHelper.swift"; sourceTree = "<group>"; };
		089CF77D6C6AD687F2EBFDE3 = {isa = PBXFileReference; lastKnownFileType = sourcecode.swift; name = "SomaAPIClient.swift"; path = "SomaAPIClient.swift"; sourceTree = "<group>"; };
		42D29B2D8EAB46F1C9658800 = {isa = PBXFileReference; lastKnownFileType = sourcecode.swift; name = "HealthKitManager.swift"; path = "HealthKitManager.swift"; sourceTree = "<group>"; };
		677746DA7CA62CAA544A9A45 = {isa = PBXFileReference; lastKnownFileType = sourcecode.swift; name = "BPModels.swift"; path = "BPModels.swift"; sourceTree = "<group>"; };
		EC24AB81584BB5A76737325C = {isa = PBXFileReference; lastKnownFileType = sourcecode.swift; name = "ReminderManager.swift"; path = "ReminderManager.swift"; sourceTree = "<group>"; };
		0C299F368686D7C3AF7EE31B = {isa = PBXFileReference; lastKnownFileType = folder.assetcatalog; name = "Assets.xcassets"; path = "Assets.xcassets"; sourceTree = "<group>"; };
		D0A62551F2855E7A6E80CDB7 = {isa = PBXFileReference; lastKnownFileType = file; name = "LINESeedJP-Bold.ttf"; path = "LINESeedJP-Bold.ttf"; sourceTree = "<group>"; };
		5765DCBD6DBE6283470AC792 = {isa = PBXFileReference; lastKnownFileType = file; name = "LINESeedJP-Regular.ttf"; path = "LINESeedJP-Regular.ttf"; sourceTree = "<group>"; };
		526D0F56B3E1A84BC99762CE = {isa = PBXFileReference; lastKnownFileType = sourcecode.swift; name = "BPStore.swift"; path = "BPStore.swift"; sourceTree = "<group>"; };
		6EDBE7B1CB3EBCDFE08BF23D = {isa = PBXFileReference; lastKnownFileType = sourcecode.swift; name = "FilterState.swift"; path = "FilterState.swift"; sourceTree = "<group>"; };
		2168D93B8CB518016DD0128F = {isa = PBXFileReference; lastKnownFileType = sourcecode.swift; name = "SomaTheme.swift"; path = "SomaTheme.swift"; sourceTree = "<group>"; };
		ABAA2C9F51F9B3B369096A39 = {isa = PBXFileReference; lastKnownFileType = sourcecode.swift; name = "ChartsView.swift"; path = "ChartsView.swift"; sourceTree = "<group>"; };
		AA2C263208145D0776D049E6 = {isa = PBXFileReference; lastKnownFileType = sourcecode.swift; name = "ContentView.swift"; path = "ContentView.swift"; sourceTree = "<group>"; };
		765E4876EB2F95EF0E82F6EA = {isa = PBXFileReference; lastKnownFileType = sourcecode.swift; name = "QuickLogSheet.swift"; path = "QuickLogSheet.swift"; sourceTree = "<group>"; };
		55797D9290A4AAF6D715573E = {isa = PBXFileReference; lastKnownFileType = sourcecode.swift; name = "ReadingsView.swift"; path = "ReadingsView.swift"; sourceTree = "<group>"; };
		1B24899CB69992BD6DD40380 = {isa = PBXFileReference; lastKnownFileType = sourcecode.swift; name = "SettingsView.swift"; path = "SettingsView.swift"; sourceTree = "<group>"; };
		B774E5F8D6F2B4EB1ECF91E7 = {isa = PBXFileReference; lastKnownFileType = sourcecode.swift; name = "StatisticsView.swift"; path = "StatisticsView.swift"; sourceTree = "<group>"; };
		0F975D0B369EF20612795C48 = {isa = PBXFileReference; lastKnownFileType = sourcecode.swift; name = "TodayView.swift"; path = "TodayView.swift"; sourceTree = "<group>"; };
		7C56E3DC6B88E973BC2CAAF2 = {isa = PBXFileReference; explicitFileType = wrapper.application; includeInIndex = 0; path = Soma.app; sourceTree = BUILT_PRODUCTS_DIR; };
		BDDBABAA3CE971020601F35F = {isa = PBXGroup; children = (0D0F0622355761369C7461F5, 9CD8132A9BF0387C6AD9D147, D242B681F357DEE968C2CF25, AFA5B06B2477EF44A19CA5F0, A2DB932AA962DE3F2366853A, A2A9809DAF0AEE6960B34B37, 519597EC0CF627D633694ABD, 369366657F0CC118760331FE, AEDD2D27F0EE3642B5B2B0EB, ECEBC441ECDD3289251F91F9, 6C923F6D92369A43B16924F4); name = "Soma"; path = "Soma"; sourceTree = "<group>"; };
		AFA5B06B2477EF44A19CA5F0 = {isa = PBXGroup; children = (FB826E0AA431D5BDC0EEAB75, 089CF77D6C6AD687F2EBFDE3); name = "API"; path = "API"; sourceTree = "<group>"; };
		A2DB932AA962DE3F2366853A = {isa = PBXGroup; children = (42D29B2D8EAB46F1C9658800); name = "HealthKit"; path = "HealthKit"; sourceTree = "<group>"; };
		A2A9809DAF0AEE6960B34B37 = {isa = PBXGroup; children = (677746DA7CA62CAA544A9A45); name = "Models"; path = "Models"; sourceTree = "<group>"; };
		519597EC0CF627D633694ABD = {isa = PBXGroup; children = (EC24AB81584BB5A76737325C); name = "Notifications"; path = "Notifications"; sourceTree = "<group>"; };
		369366657F0CC118760331FE = {isa = PBXGroup; children = (0C299F368686D7C3AF7EE31B, 7DB0A6B8C86122DEC6D06478); name = "Resources"; path = "Resources"; sourceTree = "<group>"; };
		7DB0A6B8C86122DEC6D06478 = {isa = PBXGroup; children = (D0A62551F2855E7A6E80CDB7, 5765DCBD6DBE6283470AC792); name = "Fonts"; path = "Fonts"; sourceTree = "<group>"; };
		AEDD2D27F0EE3642B5B2B0EB = {isa = PBXGroup; children = (526D0F56B3E1A84BC99762CE, 6EDBE7B1CB3EBCDFE08BF23D); name = "State"; path = "State"; sourceTree = "<group>"; };
		ECEBC441ECDD3289251F91F9 = {isa = PBXGroup; children = (2168D93B8CB518016DD0128F); name = "Theme"; path = "Theme"; sourceTree = "<group>"; };
		6C923F6D92369A43B16924F4 = {isa = PBXGroup; children = (ABAA2C9F51F9B3B369096A39, AA2C263208145D0776D049E6, 765E4876EB2F95EF0E82F6EA, 55797D9290A4AAF6D715573E, 1B24899CB69992BD6DD40380, B774E5F8D6F2B4EB1ECF91E7, 0F975D0B369EF20612795C48); name = "Views"; path = "Views"; sourceTree = "<group>"; };
		AA0596BBDB4DCC95D5D4F10C = {isa = PBXGroup; children = (BDDBABAA3CE971020601F35F, 7C56E3DC6B88E973BC2CAAF2); sourceTree = "<group>"; };
		9261F04E014268C1FB6C1C5E = {isa = PBXSourcesBuildPhase; buildActionMask = 2147483647; files = (
			EFDE8D9F37C1737731473D02,
			F8CCFDC9C24DB03FC672A60F,
			AB4F8384A32D6ED2F7761E35,
			CD3710CA3A9FD7D45C24BD6C,
			B878BB837B2A96BF10CCED94,
			870CC46AB5C9414CB48DB662,
			C34373EBAC31AAD72AD49350,
			9FC93C8199966C973A7AD67A,
			DE5E9EBD0F522F21A4B15C60,
			4CEEDC11698EB82F5D746617,
			94FC738582F39828F783E9EE,
			0C251BAFEA0DFD1CDA474EB1,
			21EF11DDBC0A3BE1B9E60D84,
			19FBDE73A7E6FA72BCF60AE5,
			AEEF813FDE13AA172EEB5202,
			3A9D615882EBC043EAD9F747,
		); runOnlyForDeploymentPostprocessing = 0; };
		B04831CC372489EBF0287850 = {isa = PBXResourcesBuildPhase; buildActionMask = 2147483647; files = (
			8BBC3E89585DFC1D07916F7B,
			536DF9A71AC1DBAF6FD3D9B9,
			0561B6B779527A2FA058B6AB,
		); runOnlyForDeploymentPostprocessing = 0; };
		0B0EAC1C67A2F2EB9E6EB6F7 = {isa = PBXFrameworksBuildPhase; buildActionMask = 2147483647; files = (); runOnlyForDeploymentPostprocessing = 0; };
		34A04005BCAF206EEC990BD9 = {isa = PBXNativeTarget; buildConfigurationList = EA761691A51ACBE657F2A897; buildPhases = (9261F04E014268C1FB6C1C5E, 0B0EAC1C67A2F2EB9E6EB6F7, B04831CC372489EBF0287850); buildRules = (); dependencies = (); name = Soma; productName = Soma; productReference = 7C56E3DC6B88E973BC2CAAF2; productType = "com.apple.product-type.application"; };
		244210E48437B6556980A702 = {isa = PBXProject; attributes = { LastUpgradeCheck = 1600; TargetAttributes = { 34A04005BCAF206EEC990BD9 = { CreatedOnToolsVersion = 16.0; }; }; }; buildConfigurationList = 88651694C9EF2D25BD8E75A6; compatibilityVersion = "Xcode 14.0"; developmentRegion = en; hasScannedForEncodings = 0; knownRegions = (en); mainGroup = AA0596BBDB4DCC95D5D4F10C; productRefGroup = AA0596BBDB4DCC95D5D4F10C; projectDirPath = ""; projectRoot = ""; targets = (34A04005BCAF206EEC990BD9); };
		B639011BA1407F1522A7B80A = {isa = XCBuildConfiguration; buildSettings = {
			ALWAYS_SEARCH_USER_PATHS = NO;
			CLANG_ENABLE_MODULES = YES;
		}; name = project-Debug; };
		C7667BDF3E2D07ACE9A9875D = {isa = XCBuildConfiguration; buildSettings = {
			ALWAYS_SEARCH_USER_PATHS = NO;
			CLANG_ENABLE_MODULES = YES;
		}; name = project-Release; };
		62109CD13419DC10661BC656 = {isa = XCBuildConfiguration; buildSettings = {
			ASSETCATALOG_COMPILER_APPICON_NAME = AppIcon;
			CODE_SIGN_ENTITLEMENTS = "Soma/Soma.entitlements";
			CODE_SIGN_STYLE = Automatic;
			CURRENT_PROJECT_VERSION = 1;
			GENERATE_INFOPLIST_FILE = NO;
			INFOPLIST_FILE = "Soma/Info.plist";
			IPHONEOS_DEPLOYMENT_TARGET = 17.0;
			MARKETING_VERSION = 1.0;
			PRODUCT_BUNDLE_IDENTIFIER = "com.michaelchu.soma";
			PRODUCT_NAME = "$(TARGET_NAME)";
			SWIFT_EMIT_LOC_STRINGS = YES;
			SWIFT_VERSION = 5.0;
			TARGETED_DEVICE_FAMILY = "1";
			SWIFT_OPTIMIZATION_LEVEL = "-Onone";
			SWIFT_ACTIVE_COMPILATION_CONDITIONS = DEBUG;
		}; name = target-Debug; };
		69E8A466A45A1D46824C4711 = {isa = XCBuildConfiguration; buildSettings = {
			ASSETCATALOG_COMPILER_APPICON_NAME = AppIcon;
			CODE_SIGN_ENTITLEMENTS = "Soma/Soma.entitlements";
			CODE_SIGN_STYLE = Automatic;
			CURRENT_PROJECT_VERSION = 1;
			GENERATE_INFOPLIST_FILE = NO;
			INFOPLIST_FILE = "Soma/Info.plist";
			IPHONEOS_DEPLOYMENT_TARGET = 17.0;
			MARKETING_VERSION = 1.0;
			PRODUCT_BUNDLE_IDENTIFIER = "com.michaelchu.soma";
			PRODUCT_NAME = "$(TARGET_NAME)";
			SWIFT_EMIT_LOC_STRINGS = YES;
			SWIFT_VERSION = 5.0;
			TARGETED_DEVICE_FAMILY = "1";
		}; name = target-Release; };
		88651694C9EF2D25BD8E75A6 = {isa = XCConfigurationList; buildConfigurations = (B639011BA1407F1522A7B80A, C7667BDF3E2D07ACE9A9875D); defaultConfigurationIsVisible = 0; defaultConfigurationName = Release; };
		EA761691A51ACBE657F2A897 = {isa = XCConfigurationList; buildConfigurations = (62109CD13419DC10661BC656, 69E8A466A45A1D46824C4711); defaultConfigurationIsVisible = 0; defaultConfigurationName = Release; };
	};
	rootObject = 244210E48437B6556980A702;
}
